
Microsoft Visual Studio Solution File, Format Version 12.00
# Visual Studio Version 17
VisualStudioVersion = 17.4.33205.214
MinimumVisualStudioVersion = 10.0.40219.1
Project("{9A19103F-16F7-4668-BE54-9A1E7A4F7556}") = "Project0", "Project0\Project0.csproj", "{D7F15C18-EDE0-4B80-8F8B-8618354F5C32}"
EndProject
Project("{FAE04EC0-301F-11D3-BF4B-00C04F79EFBC}") = "TrainerLibrary", "TrainerLibrary\TrainerLibrary.csproj", "{15EEE4E6-1AB8-4504-B4FB-937B94F5E980}"
EndProject
Global
	GlobalSection(SolutionConfigurationPlatforms) = preSolution
		Debug|Any CPU = Debug|Any CPU
		Release|Any CPU = Release|Any CPU
	EndGlobalSection
	GlobalSection(ProjectConfigurationPlatforms) = postSolution
		{D7F15C18-EDE0-4B80-8F8B-8618354F5C32}.Debug|Any CPU.ActiveCfg = Debug|Any CPU
		{D7F15C18-EDE0-4B80-8F8B-8618354F5C32}.Debug|Any CPU.Build.0 = Debug|Any CPU
		{D7F15C18-EDE0-4B80-8F8B-8618354F5C32}.Release|Any CPU.ActiveCfg = Release|Any CPU
		{D7F15C18-EDE0-4B80-8F8B-8618354F5C32}.Release|Any CPU.Build.0 = Release|Any CPU
		{15EEE4E6-1AB8-4504-B4FB-937B94F5E980}.Debug|Any CPU.ActiveCfg = Debug|Any CPU
		{15EEE4E6-1AB8-4504-B4FB-937B94F5E980}.Debug|Any CPU.Build.0 = Debug|Any CPU
		{15EEE4E6-1AB8-4504-B4FB-937B94F5E980}.Release|Any CPU.ActiveCfg = Release|Any CPU
		{15EEE4E6-1AB8-4504-B4FB-937B94F5E980}.Release|Any CPU.Build.0 = Release|Any CPU
	EndGlobalSection
	GlobalSection(SolutionProperties) = preSolution
		HideSolutionNode = FALSE
	EndGlobalSection
	GlobalSection(ExtensibilityGlobals) = postSolution
		SolutionGuid = {422AB92A-B99A-40D6-ABEA-34BC7AD1E011}
	EndGlobalSection
EndGlobal
