
Microsoft Visual Studio Solution File, Format Version 12.00
# Visual Studio Version 17
VisualStudioVersion = 17.4.33205.214
MinimumVisualStudioVersion = 10.0.40219.1
Project("{FAE04EC0-301F-11D3-BF4B-00C04F79EFBC}") = "POC-1", "POC-1\POC-1.csproj", "{A67FCCDC-5309-4BD7-B960-2D7F302357B7}"
EndProject
Global
	GlobalSection(SolutionConfigurationPlatforms) = preSolution
		Debug|Any CPU = Debug|Any CPU
		Release|Any CPU = Release|Any CPU
	EndGlobalSection
	GlobalSection(ProjectConfigurationPlatforms) = postSolution
		{A67FCCDC-5309-4BD7-B960-2D7F302357B7}.Debug|Any CPU.ActiveCfg = Debug|Any CPU
		{A67FCCDC-5309-4BD7-B960-2D7F302357B7}.Debug|Any CPU.Build.0 = Debug|Any CPU
		{A67FCCDC-5309-4BD7-B960-2D7F302357B7}.Release|Any CPU.ActiveCfg = Release|Any CPU
		{A67FCCDC-5309-4BD7-B960-2D7F302357B7}.Release|Any CPU.Build.0 = Release|Any CPU
	EndGlobalSection
	GlobalSection(SolutionProperties) = preSolution
		HideSolutionNode = FALSE
	EndGlobalSection
	GlobalSection(ExtensibilityGlobals) = postSolution
		SolutionGuid = {92F1D13E-091E-490E-BA89-DAE0798CCF46}
	EndGlobalSection
EndGlobal
